
Microsoft Visual Studio Solution File, Format Version 12.00
# Visual Studio Version 16
VisualStudioVersion = 16.0.32002.261
MinimumVisualStudioVersion = 10.0.40219.1
Project("{FAE04EC0-301F-11D3-BF4B-00C04F79EFBC}") = "HWID-Changer", "HWID-Changer\HWID-Changer.csproj", "{83BD313E-1ABC-4221-9921-34AF2A7E5229}"
EndProject
Global
	GlobalSection(SolutionConfigurationPlatforms) = preSolution
		Debug|Any CPU = Debug|Any CPU
		Release|Any CPU = Release|Any CPU
	EndGlobalSection
	GlobalSection(ProjectConfigurationPlatforms) = postSolution
		{83BD313E-1ABC-4221-9921-34AF2A7E5229}.Debug|Any CPU.ActiveCfg = Debug|Any CPU
		{83BD313E-1ABC-4221-9921-34AF2A7E5229}.Debug|Any CPU.Build.0 = Debug|Any CPU
		{83BD313E-1ABC-4221-9921-34AF2A7E5229}.Release|Any CPU.ActiveCfg = Release|Any CPU
		{83BD313E-1ABC-4221-9921-34AF2A7E5229}.Release|Any CPU.Build.0 = Release|Any CPU
	EndGlobalSection
	GlobalSection(SolutionProperties) = preSolution
		HideSolutionNode = FALSE
	EndGlobalSection
	GlobalSection(ExtensibilityGlobals) = postSolution
		SolutionGuid = {60669207-9A86-4773-A9E9-C5F9D835D249}
	EndGlobalSection
EndGlobal
